
Microsoft Visual Studio Solution File, Format Version 12.00
# Visual Studio Version 17
VisualStudioVersion = 17.0.32014.148
MinimumVisualStudioVersion = 10.0.40219.1
Project("{9A19103F-16F7-4668-BE54-9A1E7A4F7556}") = "LibLSL", "..\src\lib\LibLSL.csproj", "{6C3568DB-06C3-4B9C-9961-55D37E7559E8}"
EndProject
Project("{2150E333-8FDC-42A3-9474-1A3956D46DE8}") = "Examples", "Examples", "{9695466F-B7EF-46D7-BE9C-EAAD9803B0D1}"
EndProject
Project("{9A19103F-16F7-4668-BE54-9A1E7A4F7556}") = "HandleMetaData", "..\src\Examples\HandleMetaData\HandleMetaData.csproj", "{4FF40C8D-CB3E-4F6A-A475-D5503ECB181E}"
EndProject
Project("{9A19103F-16F7-4668-BE54-9A1E7A4F7556}") = "ReceiveData", "..\src\Examples\ReceiveData\ReceiveData.csproj", "{7F66B84B-573D-4146-BD04-8DD2CD4CD79C}"
EndProject
Project("{9A19103F-16F7-4668-BE54-9A1E7A4F7556}") = "ReceiveDataInChunks", "..\src\Examples\ReceiveDataInChunks\ReceiveDataInChunks.csproj", "{F03F6EFD-4A5A-4D5E-A9F8-E09A69E6F4B2}"
EndProject
Project("{9A19103F-16F7-4668-BE54-9A1E7A4F7556}") = "SendDataInChunks", "..\src\Examples\SendDataInChunks\SendDataInChunks.csproj", "{EB51A1FF-A115-45DF-8937-3D1994A0B757}"
EndProject
Project("{9A19103F-16F7-4668-BE54-9A1E7A4F7556}") = "SendStringMarkers", "..\src\Examples\SendStringMarkers\SendStringMarkers.csproj", "{6441DB5F-F718-42CB-8556-E5A01625B4A6}"
EndProject
Project("{9A19103F-16F7-4668-BE54-9A1E7A4F7556}") = "SendData", "..\src\Examples\SendData\SendData.csproj", "{7BD650CA-73CA-4071-9FAC-11DD7EE38549}"
EndProject
Project("{9A19103F-16F7-4668-BE54-9A1E7A4F7556}") = "ReceiveStringMarkers", "..\src\Examples\ReceiveStringMarkers\ReceiveStringMarkers.csproj", "{F994BFA8-042A-494A-88A1-B6E51F6A38A5}"
EndProject
Project("{2150E333-8FDC-42A3-9474-1A3956D46DE8}") = "Utils.WPF", "Utils.WPF", "{F61492CD-F71E-404E-B892-AB5306D35060}"
EndProject
Project("{9A19103F-16F7-4668-BE54-9A1E7A4F7556}") = "SendDataWPF", "..\src\Utils.WPF\SendDataWPF\SendDataWPF.csproj", "{40FD22D5-E891-4F61-86F4-6CC896AAB8CA}"
EndProject
Project("{9A19103F-16F7-4668-BE54-9A1E7A4F7556}") = "ReceiveDataInChunksWithList", "..\src\Examples\ReceiveDataInChunksWithList\ReceiveDataInChunksWithList.csproj", "{28269540-272D-4C9C-B245-E432D32BCD64}"
EndProject
Project("{9A19103F-16F7-4668-BE54-9A1E7A4F7556}") = "MouseKeyboardWPF", "..\src\Utils.WPF\MouseKeyboardWPF\MouseKeyboardWPF.csproj", "{BA09D026-C8CC-4ACF-85AA-2D0801E6BEF6}"
EndProject
Global
	GlobalSection(SolutionConfigurationPlatforms) = preSolution
		Debug|Any CPU = Debug|Any CPU
		Release|Any CPU = Release|Any CPU
	EndGlobalSection
	GlobalSection(ProjectConfigurationPlatforms) = postSolution
		{6C3568DB-06C3-4B9C-9961-55D37E7559E8}.Debug|Any CPU.ActiveCfg = Debug|Any CPU
		{6C3568DB-06C3-4B9C-9961-55D37E7559E8}.Debug|Any CPU.Build.0 = Debug|Any CPU
		{6C3568DB-06C3-4B9C-9961-55D37E7559E8}.Release|Any CPU.ActiveCfg = Release|Any CPU
		{6C3568DB-06C3-4B9C-9961-55D37E7559E8}.Release|Any CPU.Build.0 = Release|Any CPU
		{4FF40C8D-CB3E-4F6A-A475-D5503ECB181E}.Debug|Any CPU.ActiveCfg = Debug|Any CPU
		{4FF40C8D-CB3E-4F6A-A475-D5503ECB181E}.Debug|Any CPU.Build.0 = Debug|Any CPU
		{4FF40C8D-CB3E-4F6A-A475-D5503ECB181E}.Release|Any CPU.ActiveCfg = Release|Any CPU
		{4FF40C8D-CB3E-4F6A-A475-D5503ECB181E}.Release|Any CPU.Build.0 = Release|Any CPU
		{7F66B84B-573D-4146-BD04-8DD2CD4CD79C}.Debug|Any CPU.ActiveCfg = Debug|Any CPU
		{7F66B84B-573D-4146-BD04-8DD2CD4CD79C}.Debug|Any CPU.Build.0 = Debug|Any CPU
		{7F66B84B-573D-4146-BD04-8DD2CD4CD79C}.Release|Any CPU.ActiveCfg = Release|Any CPU
		{7F66B84B-573D-4146-BD04-8DD2CD4CD79C}.Release|Any CPU.Build.0 = Release|Any CPU
		{F03F6EFD-4A5A-4D5E-A9F8-E09A69E6F4B2}.Debug|Any CPU.ActiveCfg = Debug|Any CPU
		{F03F6EFD-4A5A-4D5E-A9F8-E09A69E6F4B2}.Debug|Any CPU.Build.0 = Debug|Any CPU
		{F03F6EFD-4A5A-4D5E-A9F8-E09A69E6F4B2}.Release|Any CPU.ActiveCfg = Release|Any CPU
		{F03F6EFD-4A5A-4D5E-A9F8-E09A69E6F4B2}.Release|Any CPU.Build.0 = Release|Any CPU
		{EB51A1FF-A115-45DF-8937-3D1994A0B757}.Debug|Any CPU.ActiveCfg = Debug|Any CPU
		{EB51A1FF-A115-45DF-8937-3D1994A0B757}.Debug|Any CPU.Build.0 = Debug|Any CPU
		{EB51A1FF-A115-45DF-8937-3D1994A0B757}.Release|Any CPU.ActiveCfg = Release|Any CPU
		{EB51A1FF-A115-45DF-8937-3D1994A0B757}.Release|Any CPU.Build.0 = Release|Any CPU
		{6441DB5F-F718-42CB-8556-E5A01625B4A6}.Debug|Any CPU.ActiveCfg = Debug|Any CPU
		{6441DB5F-F718-42CB-8556-E5A01625B4A6}.Debug|Any CPU.Build.0 = Debug|Any CPU
		{6441DB5F-F718-42CB-8556-E5A01625B4A6}.Release|Any CPU.ActiveCfg = Release|Any CPU
		{6441DB5F-F718-42CB-8556-E5A01625B4A6}.Release|Any CPU.Build.0 = Release|Any CPU
		{7BD650CA-73CA-4071-9FAC-11DD7EE38549}.Debug|Any CPU.ActiveCfg = Debug|Any CPU
		{7BD650CA-73CA-4071-9FAC-11DD7EE38549}.Debug|Any CPU.Build.0 = Debug|Any CPU
		{7BD650CA-73CA-4071-9FAC-11DD7EE38549}.Release|Any CPU.ActiveCfg = Release|Any CPU
		{7BD650CA-73CA-4071-9FAC-11DD7EE38549}.Release|Any CPU.Build.0 = Release|Any CPU
		{F994BFA8-042A-494A-88A1-B6E51F6A38A5}.Debug|Any CPU.ActiveCfg = Debug|Any CPU
		{F994BFA8-042A-494A-88A1-B6E51F6A38A5}.Debug|Any CPU.Build.0 = Debug|Any CPU
		{F994BFA8-042A-494A-88A1-B6E51F6A38A5}.Release|Any CPU.ActiveCfg = Release|Any CPU
		{F994BFA8-042A-494A-88A1-B6E51F6A38A5}.Release|Any CPU.Build.0 = Release|Any CPU
		{40FD22D5-E891-4F61-86F4-6CC896AAB8CA}.Debug|Any CPU.ActiveCfg = Debug|Any CPU
		{40FD22D5-E891-4F61-86F4-6CC896AAB8CA}.Debug|Any CPU.Build.0 = Debug|Any CPU
		{40FD22D5-E891-4F61-86F4-6CC896AAB8CA}.Release|Any CPU.ActiveCfg = Release|Any CPU
		{40FD22D5-E891-4F61-86F4-6CC896AAB8CA}.Release|Any CPU.Build.0 = Release|Any CPU
		{28269540-272D-4C9C-B245-E432D32BCD64}.Debug|Any CPU.ActiveCfg = Debug|Any CPU
		{28269540-272D-4C9C-B245-E432D32BCD64}.Debug|Any CPU.Build.0 = Debug|Any CPU
		{28269540-272D-4C9C-B245-E432D32BCD64}.Release|Any CPU.ActiveCfg = Release|Any CPU
		{28269540-272D-4C9C-B245-E432D32BCD64}.Release|Any CPU.Build.0 = Release|Any CPU
		{BA09D026-C8CC-4ACF-85AA-2D0801E6BEF6}.Debug|Any CPU.ActiveCfg = Debug|Any CPU
		{BA09D026-C8CC-4ACF-85AA-2D0801E6BEF6}.Debug|Any CPU.Build.0 = Debug|Any CPU
		{BA09D026-C8CC-4ACF-85AA-2D0801E6BEF6}.Release|Any CPU.ActiveCfg = Release|Any CPU
		{BA09D026-C8CC-4ACF-85AA-2D0801E6BEF6}.Release|Any CPU.Build.0 = Release|Any CPU
	EndGlobalSection
	GlobalSection(SolutionProperties) = preSolution
		HideSolutionNode = FALSE
	EndGlobalSection
	GlobalSection(NestedProjects) = preSolution
		{4FF40C8D-CB3E-4F6A-A475-D5503ECB181E} = {9695466F-B7EF-46D7-BE9C-EAAD9803B0D1}
		{7F66B84B-573D-4146-BD04-8DD2CD4CD79C} = {9695466F-B7EF-46D7-BE9C-EAAD9803B0D1}
		{F03F6EFD-4A5A-4D5E-A9F8-E09A69E6F4B2} = {9695466F-B7EF-46D7-BE9C-EAAD9803B0D1}
		{EB51A1FF-A115-45DF-8937-3D1994A0B757} = {9695466F-B7EF-46D7-BE9C-EAAD9803B0D1}
		{6441DB5F-F718-42CB-8556-E5A01625B4A6} = {9695466F-B7EF-46D7-BE9C-EAAD9803B0D1}
		{7BD650CA-73CA-4071-9FAC-11DD7EE38549} = {9695466F-B7EF-46D7-BE9C-EAAD9803B0D1}
		{F994BFA8-042A-494A-88A1-B6E51F6A38A5} = {9695466F-B7EF-46D7-BE9C-EAAD9803B0D1}
		{40FD22D5-E891-4F61-86F4-6CC896AAB8CA} = {F61492CD-F71E-404E-B892-AB5306D35060}
		{28269540-272D-4C9C-B245-E432D32BCD64} = {9695466F-B7EF-46D7-BE9C-EAAD9803B0D1}
		{BA09D026-C8CC-4ACF-85AA-2D0801E6BEF6} = {F61492CD-F71E-404E-B892-AB5306D35060}
	EndGlobalSection
	GlobalSection(ExtensibilityGlobals) = postSolution
		SolutionGuid = {0E3339AC-EA5E-434B-A2E4-AD090108A947}
	EndGlobalSection
EndGlobal
