
Microsoft Visual Studio Solution File, Format Version 12.00
# Visual Studio Version 16
VisualStudioVersion = 16.0.31313.79
MinimumVisualStudioVersion = 10.0.40219.1
Project("{9A19103F-16F7-4668-BE54-9A1E7A4F7556}") = "LSL-dotnet", "..\src\lib\LSL-dotnet.csproj", "{6C3568DB-06C3-4B9C-9961-55D37E7559E8}"
EndProject
Project("{9A19103F-16F7-4668-BE54-9A1E7A4F7556}") = "SendDataWPF", "..\src\Examples\SendData\SendDataWPF.csproj", "{D90E464C-0D49-4100-9F70-58C059B57928}"
EndProject
Project("{9A19103F-16F7-4668-BE54-9A1E7A4F7556}") = "StreamDiagnosisWPF", "..\src\Examples\StreamDiagnosisWPF\StreamDiagnosisWPF.csproj", "{1EE9E8A7-C206-49B6-AC19-2DF2F52BD3D7}"
EndProject
Project("{FAE04EC0-301F-11D3-BF4B-00C04F79EFBC}") = "SendMarkersWPF", "..\src\Examples\SendMarkersWPF\SendMarkersWPF.csproj", "{F1743EF8-072C-4291-9262-2AC7626E0FCF}"
EndProject
Global
	GlobalSection(SolutionConfigurationPlatforms) = preSolution
		Debug|Any CPU = Debug|Any CPU
		Release|Any CPU = Release|Any CPU
	EndGlobalSection
	GlobalSection(ProjectConfigurationPlatforms) = postSolution
		{6C3568DB-06C3-4B9C-9961-55D37E7559E8}.Debug|Any CPU.ActiveCfg = Debug|Any CPU
		{6C3568DB-06C3-4B9C-9961-55D37E7559E8}.Debug|Any CPU.Build.0 = Debug|Any CPU
		{6C3568DB-06C3-4B9C-9961-55D37E7559E8}.Release|Any CPU.ActiveCfg = Release|Any CPU
		{6C3568DB-06C3-4B9C-9961-55D37E7559E8}.Release|Any CPU.Build.0 = Release|Any CPU
		{D90E464C-0D49-4100-9F70-58C059B57928}.Debug|Any CPU.ActiveCfg = Debug|Any CPU
		{D90E464C-0D49-4100-9F70-58C059B57928}.Debug|Any CPU.Build.0 = Debug|Any CPU
		{D90E464C-0D49-4100-9F70-58C059B57928}.Release|Any CPU.ActiveCfg = Release|Any CPU
		{D90E464C-0D49-4100-9F70-58C059B57928}.Release|Any CPU.Build.0 = Release|Any CPU
		{1EE9E8A7-C206-49B6-AC19-2DF2F52BD3D7}.Debug|Any CPU.ActiveCfg = Debug|Any CPU
		{1EE9E8A7-C206-49B6-AC19-2DF2F52BD3D7}.Debug|Any CPU.Build.0 = Debug|Any CPU
		{1EE9E8A7-C206-49B6-AC19-2DF2F52BD3D7}.Release|Any CPU.ActiveCfg = Release|Any CPU
		{1EE9E8A7-C206-49B6-AC19-2DF2F52BD3D7}.Release|Any CPU.Build.0 = Release|Any CPU
		{F1743EF8-072C-4291-9262-2AC7626E0FCF}.Debug|Any CPU.ActiveCfg = Debug|Any CPU
		{F1743EF8-072C-4291-9262-2AC7626E0FCF}.Debug|Any CPU.Build.0 = Debug|Any CPU
		{F1743EF8-072C-4291-9262-2AC7626E0FCF}.Release|Any CPU.ActiveCfg = Release|Any CPU
		{F1743EF8-072C-4291-9262-2AC7626E0FCF}.Release|Any CPU.Build.0 = Release|Any CPU
	EndGlobalSection
	GlobalSection(SolutionProperties) = preSolution
		HideSolutionNode = FALSE
	EndGlobalSection
	GlobalSection(ExtensibilityGlobals) = postSolution
		SolutionGuid = {0E3339AC-EA5E-434B-A2E4-AD090108A947}
	EndGlobalSection
EndGlobal
