
Microsoft Visual Studio Solution File, Format Version 12.00
# Visual Studio Version 16
VisualStudioVersion = 16.0.31313.79
MinimumVisualStudioVersion = 10.0.40219.1
Project("{9A19103F-16F7-4668-BE54-9A1E7A4F7556}") = "LSL-dotnet", "..\src\lib\LSL-dotnet.csproj", "{6C3568DB-06C3-4B9C-9961-55D37E7559E8}"
EndProject
Project("{9A19103F-16F7-4668-BE54-9A1E7A4F7556}") = "StreamDiagnosisWPF", "..\src\Examples\StreamDiagnosisWPF\StreamDiagnosisWPF.csproj", "{1EE9E8A7-C206-49B6-AC19-2DF2F52BD3D7}"
EndProject
Project("{9A19103F-16F7-4668-BE54-9A1E7A4F7556}") = "SendDataWPF", "..\src\Examples\SendDataWPF\SendDataWPF.csproj", "{1C38C829-5642-4980-A734-7BDACCFBF5E5}"
EndProject
Project("{9A19103F-16F7-4668-BE54-9A1E7A4F7556}") = "HandleMetaData", "..\src\Examples\HandleMetaData\HandleMetaData.csproj", "{EC2C2894-B151-4535-B575-475A1A959D4B}"
EndProject
Project("{2150E333-8FDC-42A3-9474-1A3956D46DE8}") = "Examples", "Examples", "{9695466F-B7EF-46D7-BE9C-EAAD9803B0D1}"
EndProject
Project("{9A19103F-16F7-4668-BE54-9A1E7A4F7556}") = "ReceiveData", "..\src\Examples\ReceiveData\ReceiveData.csproj", "{D34881CF-3DCB-49A2-917E-873F196645B0}"
EndProject
Project("{9A19103F-16F7-4668-BE54-9A1E7A4F7556}") = "ReceiveDataInChunks", "..\src\Examples\ReceiveDataInChunks\ReceiveDataInChunks.csproj", "{51BD9833-9C01-4242-90BD-CF34DEC94D4A}"
EndProject
Project("{FAE04EC0-301F-11D3-BF4B-00C04F79EFBC}") = "ReceiveStringMarkers", "ReceiveStringMarkers\ReceiveStringMarkers.csproj", "{5B76B082-08A3-489C-8AA8-3DD3C4D4D92C}"
EndProject
Project("{FAE04EC0-301F-11D3-BF4B-00C04F79EFBC}") = "SendData", "SendData\SendData.csproj", "{13B3C498-16C8-47E9-8B6E-828B388E69F4}"
EndProject
Global
	GlobalSection(SolutionConfigurationPlatforms) = preSolution
		Debug|Any CPU = Debug|Any CPU
		Release|Any CPU = Release|Any CPU
	EndGlobalSection
	GlobalSection(ProjectConfigurationPlatforms) = postSolution
		{6C3568DB-06C3-4B9C-9961-55D37E7559E8}.Debug|Any CPU.ActiveCfg = Debug|Any CPU
		{6C3568DB-06C3-4B9C-9961-55D37E7559E8}.Debug|Any CPU.Build.0 = Debug|Any CPU
		{6C3568DB-06C3-4B9C-9961-55D37E7559E8}.Release|Any CPU.ActiveCfg = Release|Any CPU
		{6C3568DB-06C3-4B9C-9961-55D37E7559E8}.Release|Any CPU.Build.0 = Release|Any CPU
		{1EE9E8A7-C206-49B6-AC19-2DF2F52BD3D7}.Debug|Any CPU.ActiveCfg = Debug|Any CPU
		{1EE9E8A7-C206-49B6-AC19-2DF2F52BD3D7}.Debug|Any CPU.Build.0 = Debug|Any CPU
		{1EE9E8A7-C206-49B6-AC19-2DF2F52BD3D7}.Release|Any CPU.ActiveCfg = Release|Any CPU
		{1EE9E8A7-C206-49B6-AC19-2DF2F52BD3D7}.Release|Any CPU.Build.0 = Release|Any CPU
		{1C38C829-5642-4980-A734-7BDACCFBF5E5}.Debug|Any CPU.ActiveCfg = Debug|Any CPU
		{1C38C829-5642-4980-A734-7BDACCFBF5E5}.Debug|Any CPU.Build.0 = Debug|Any CPU
		{1C38C829-5642-4980-A734-7BDACCFBF5E5}.Release|Any CPU.ActiveCfg = Release|Any CPU
		{1C38C829-5642-4980-A734-7BDACCFBF5E5}.Release|Any CPU.Build.0 = Release|Any CPU
		{EC2C2894-B151-4535-B575-475A1A959D4B}.Debug|Any CPU.ActiveCfg = Debug|Any CPU
		{EC2C2894-B151-4535-B575-475A1A959D4B}.Debug|Any CPU.Build.0 = Debug|Any CPU
		{EC2C2894-B151-4535-B575-475A1A959D4B}.Release|Any CPU.ActiveCfg = Release|Any CPU
		{EC2C2894-B151-4535-B575-475A1A959D4B}.Release|Any CPU.Build.0 = Release|Any CPU
		{D34881CF-3DCB-49A2-917E-873F196645B0}.Debug|Any CPU.ActiveCfg = Debug|Any CPU
		{D34881CF-3DCB-49A2-917E-873F196645B0}.Debug|Any CPU.Build.0 = Debug|Any CPU
		{D34881CF-3DCB-49A2-917E-873F196645B0}.Release|Any CPU.ActiveCfg = Release|Any CPU
		{D34881CF-3DCB-49A2-917E-873F196645B0}.Release|Any CPU.Build.0 = Release|Any CPU
		{51BD9833-9C01-4242-90BD-CF34DEC94D4A}.Debug|Any CPU.ActiveCfg = Debug|Any CPU
		{51BD9833-9C01-4242-90BD-CF34DEC94D4A}.Debug|Any CPU.Build.0 = Debug|Any CPU
		{51BD9833-9C01-4242-90BD-CF34DEC94D4A}.Release|Any CPU.ActiveCfg = Release|Any CPU
		{51BD9833-9C01-4242-90BD-CF34DEC94D4A}.Release|Any CPU.Build.0 = Release|Any CPU
		{5B76B082-08A3-489C-8AA8-3DD3C4D4D92C}.Debug|Any CPU.ActiveCfg = Debug|Any CPU
		{5B76B082-08A3-489C-8AA8-3DD3C4D4D92C}.Debug|Any CPU.Build.0 = Debug|Any CPU
		{5B76B082-08A3-489C-8AA8-3DD3C4D4D92C}.Release|Any CPU.ActiveCfg = Release|Any CPU
		{5B76B082-08A3-489C-8AA8-3DD3C4D4D92C}.Release|Any CPU.Build.0 = Release|Any CPU
		{13B3C498-16C8-47E9-8B6E-828B388E69F4}.Debug|Any CPU.ActiveCfg = Debug|Any CPU
		{13B3C498-16C8-47E9-8B6E-828B388E69F4}.Debug|Any CPU.Build.0 = Debug|Any CPU
		{13B3C498-16C8-47E9-8B6E-828B388E69F4}.Release|Any CPU.ActiveCfg = Release|Any CPU
		{13B3C498-16C8-47E9-8B6E-828B388E69F4}.Release|Any CPU.Build.0 = Release|Any CPU
	EndGlobalSection
	GlobalSection(SolutionProperties) = preSolution
		HideSolutionNode = FALSE
	EndGlobalSection
	GlobalSection(NestedProjects) = preSolution
		{1EE9E8A7-C206-49B6-AC19-2DF2F52BD3D7} = {9695466F-B7EF-46D7-BE9C-EAAD9803B0D1}
		{1C38C829-5642-4980-A734-7BDACCFBF5E5} = {9695466F-B7EF-46D7-BE9C-EAAD9803B0D1}
		{EC2C2894-B151-4535-B575-475A1A959D4B} = {9695466F-B7EF-46D7-BE9C-EAAD9803B0D1}
		{D34881CF-3DCB-49A2-917E-873F196645B0} = {9695466F-B7EF-46D7-BE9C-EAAD9803B0D1}
		{51BD9833-9C01-4242-90BD-CF34DEC94D4A} = {9695466F-B7EF-46D7-BE9C-EAAD9803B0D1}
		{5B76B082-08A3-489C-8AA8-3DD3C4D4D92C} = {9695466F-B7EF-46D7-BE9C-EAAD9803B0D1}
		{13B3C498-16C8-47E9-8B6E-828B388E69F4} = {9695466F-B7EF-46D7-BE9C-EAAD9803B0D1}
	EndGlobalSection
	GlobalSection(ExtensibilityGlobals) = postSolution
		SolutionGuid = {0E3339AC-EA5E-434B-A2E4-AD090108A947}
	EndGlobalSection
EndGlobal
