
Microsoft Visual Studio Solution File, Format Version 12.00
# Visual Studio Version 16
VisualStudioVersion = 16.0.31313.79
MinimumVisualStudioVersion = 10.0.40219.1
Project("{9A19103F-16F7-4668-BE54-9A1E7A4F7556}") = "LSL-dotnet", "..\src\lib\LSL-dotnet.csproj", "{6C3568DB-06C3-4B9C-9961-55D37E7559E8}"
EndProject
Global
	GlobalSection(SolutionConfigurationPlatforms) = preSolution
		Debug|Any CPU = Debug|Any CPU
		Release|Any CPU = Release|Any CPU
	EndGlobalSection
	GlobalSection(ProjectConfigurationPlatforms) = postSolution
		{6C3568DB-06C3-4B9C-9961-55D37E7559E8}.Debug|Any CPU.ActiveCfg = Debug|Any CPU
		{6C3568DB-06C3-4B9C-9961-55D37E7559E8}.Debug|Any CPU.Build.0 = Debug|Any CPU
		{6C3568DB-06C3-4B9C-9961-55D37E7559E8}.Release|Any CPU.ActiveCfg = Release|Any CPU
		{6C3568DB-06C3-4B9C-9961-55D37E7559E8}.Release|Any CPU.Build.0 = Release|Any CPU
	EndGlobalSection
	GlobalSection(SolutionProperties) = preSolution
		HideSolutionNode = FALSE
	EndGlobalSection
	GlobalSection(ExtensibilityGlobals) = postSolution
		SolutionGuid = {0E3339AC-EA5E-434B-A2E4-AD090108A947}
	EndGlobalSection
EndGlobal
